
Microsoft Visual Studio Solution File, Format Version 12.00
# Visual Studio Version 16
VisualStudioVersion = 16.0.30406.217
MinimumVisualStudioVersion = 10.0.40219.1
Project("{FAE04EC0-301F-11D3-BF4B-00C04F79EFBC}") = "DYA", "DYA.csproj", "{F390C019-212B-4304-839C-0587558A93FE}"
EndProject
Global
	GlobalSection(SolutionConfigurationPlatforms) = preSolution
		Debug|Any CPU = Debug|Any CPU
		Release|Any CPU = Release|Any CPU
	EndGlobalSection
	GlobalSection(ProjectConfigurationPlatforms) = postSolution
		{F390C019-212B-4304-839C-0587558A93FE}.Debug|Any CPU.ActiveCfg = Debug|Any CPU
		{F390C019-212B-4304-839C-0587558A93FE}.Debug|Any CPU.Build.0 = Debug|Any CPU
		{F390C019-212B-4304-839C-0587558A93FE}.Release|Any CPU.ActiveCfg = Release|Any CPU
		{F390C019-212B-4304-839C-0587558A93FE}.Release|Any CPU.Build.0 = Release|Any CPU
	EndGlobalSection
	GlobalSection(SolutionProperties) = preSolution
		HideSolutionNode = FALSE
	EndGlobalSection
	GlobalSection(ExtensibilityGlobals) = postSolution
		SolutionGuid = {B978692C-8D26-4F4C-983E-B6901E854482}
	EndGlobalSection
EndGlobal
